
Microsoft Visual Studio Solution File, Format Version 12.00
# Visual Studio Version 17
VisualStudioVersion = 17.0.31903.59
MinimumVisualStudioVersion = 10.0.40219.1
Project("{2150E333-8FDC-42A3-9474-1A3956D46DE8}") = "services", "services", "{5854FF58-B8C5-05C6-5BF2-ACE42193F22B}"
EndProject
Project("{2150E333-8FDC-42A3-9474-1A3956D46DE8}") = "cases-api", "cases-api", "{C07640F7-CE84-EE40-AD9A-003EC6AE8C1C}"
EndProject
Project("{FAE04EC0-301F-11D3-BF4B-00C04F79EFBC}") = "Cases.Api", "services\cases-api\Cases.Api.csproj", "{512884E0-3502-4D61-B24B-FD623B5F1F62}"
EndProject
Project("{2150E333-8FDC-42A3-9474-1A3956D46DE8}") = "tests", "tests", "{0AB3BF05-4346-4AA6-1389-037BE0695223}"
EndProject
Project("{2150E333-8FDC-42A3-9474-1A3956D46DE8}") = "cases-api.Tests", "cases-api.Tests", "{0E4AB9CF-EE6F-9476-4CE9-4FAA51FCB92C}"
EndProject
Project("{FAE04EC0-301F-11D3-BF4B-00C04F79EFBC}") = "Cases.Api.Tests", "tests\cases-api.Tests\Cases.Api.Tests.csproj", "{0AB017F4-AD0D-49DB-8A95-DD54BA519008}"
EndProject
Global
	GlobalSection(SolutionConfigurationPlatforms) = preSolution
		Debug|Any CPU = Debug|Any CPU
		Debug|x64 = Debug|x64
		Debug|x86 = Debug|x86
		Release|Any CPU = Release|Any CPU
		Release|x64 = Release|x64
		Release|x86 = Release|x86
	EndGlobalSection
	GlobalSection(ProjectConfigurationPlatforms) = postSolution
		{512884E0-3502-4D61-B24B-FD623B5F1F62}.Debug|Any CPU.ActiveCfg = Debug|Any CPU
		{512884E0-3502-4D61-B24B-FD623B5F1F62}.Debug|Any CPU.Build.0 = Debug|Any CPU
		{512884E0-3502-4D61-B24B-FD623B5F1F62}.Debug|x64.ActiveCfg = Debug|Any CPU
		{512884E0-3502-4D61-B24B-FD623B5F1F62}.Debug|x64.Build.0 = Debug|Any CPU
		{512884E0-3502-4D61-B24B-FD623B5F1F62}.Debug|x86.ActiveCfg = Debug|Any CPU
		{512884E0-3502-4D61-B24B-FD623B5F1F62}.Debug|x86.Build.0 = Debug|Any CPU
		{512884E0-3502-4D61-B24B-FD623B5F1F62}.Release|Any CPU.ActiveCfg = Release|Any CPU
		{512884E0-3502-4D61-B24B-FD623B5F1F62}.Release|Any CPU.Build.0 = Release|Any CPU
		{512884E0-3502-4D61-B24B-FD623B5F1F62}.Release|x64.ActiveCfg = Release|Any CPU
		{512884E0-3502-4D61-B24B-FD623B5F1F62}.Release|x64.Build.0 = Release|Any CPU
		{512884E0-3502-4D61-B24B-FD623B5F1F62}.Release|x86.ActiveCfg = Release|Any CPU
		{512884E0-3502-4D61-B24B-FD623B5F1F62}.Release|x86.Build.0 = Release|Any CPU
		{0AB017F4-AD0D-49DB-8A95-DD54BA519008}.Debug|Any CPU.ActiveCfg = Debug|Any CPU
		{0AB017F4-AD0D-49DB-8A95-DD54BA519008}.Debug|Any CPU.Build.0 = Debug|Any CPU
		{0AB017F4-AD0D-49DB-8A95-DD54BA519008}.Debug|x64.ActiveCfg = Debug|Any CPU
		{0AB017F4-AD0D-49DB-8A95-DD54BA519008}.Debug|x64.Build.0 = Debug|Any CPU
		{0AB017F4-AD0D-49DB-8A95-DD54BA519008}.Debug|x86.ActiveCfg = Debug|Any CPU
		{0AB017F4-AD0D-49DB-8A95-DD54BA519008}.Debug|x86.Build.0 = Debug|Any CPU
		{0AB017F4-AD0D-49DB-8A95-DD54BA519008}.Release|Any CPU.ActiveCfg = Release|Any CPU
		{0AB017F4-AD0D-49DB-8A95-DD54BA519008}.Release|Any CPU.Build.0 = Release|Any CPU
		{0AB017F4-AD0D-49DB-8A95-DD54BA519008}.Release|x64.ActiveCfg = Release|Any CPU
		{0AB017F4-AD0D-49DB-8A95-DD54BA519008}.Release|x64.Build.0 = Release|Any CPU
		{0AB017F4-AD0D-49DB-8A95-DD54BA519008}.Release|x86.ActiveCfg = Release|Any CPU
		{0AB017F4-AD0D-49DB-8A95-DD54BA519008}.Release|x86.Build.0 = Release|Any CPU
	EndGlobalSection
	GlobalSection(SolutionProperties) = preSolution
		HideSolutionNode = FALSE
	EndGlobalSection
	GlobalSection(NestedProjects) = preSolution
		{C07640F7-CE84-EE40-AD9A-003EC6AE8C1C} = {5854FF58-B8C5-05C6-5BF2-ACE42193F22B}
		{512884E0-3502-4D61-B24B-FD623B5F1F62} = {C07640F7-CE84-EE40-AD9A-003EC6AE8C1C}
		{0E4AB9CF-EE6F-9476-4CE9-4FAA51FCB92C} = {0AB3BF05-4346-4AA6-1389-037BE0695223}
		{0AB017F4-AD0D-49DB-8A95-DD54BA519008} = {0E4AB9CF-EE6F-9476-4CE9-4FAA51FCB92C}
	EndGlobalSection
EndGlobal
